
Microsoft Visual Studio Solution File, Format Version 12.00
# Visual Studio 2012
Project("{FAE04EC0-301F-11D3-BF4B-00C04F79EFBC}") = "WebTrashCheck", "ABC\WebTrashCheck.csproj", "{2AEB07F8-56E0-434C-A748-C4261DBF5D2F}"
EndProject
Project("{FAE04EC0-301F-11D3-BF4B-00C04F79EFBC}") = "QRCoder", "packages\QRCoder-master\QRCoder-master\QRCoder\QRCoder.csproj", "{AECE5DF3-C379-46CA-BB7D-7BDBE59011FD}"
EndProject
Global
	GlobalSection(SolutionConfigurationPlatforms) = preSolution
		Debug|Any CPU = Debug|Any CPU
		Release|Any CPU = Release|Any CPU
	EndGlobalSection
	GlobalSection(ProjectConfigurationPlatforms) = postSolution
		{2AEB07F8-56E0-434C-A748-C4261DBF5D2F}.Debug|Any CPU.ActiveCfg = Debug|Any CPU
		{2AEB07F8-56E0-434C-A748-C4261DBF5D2F}.Debug|Any CPU.Build.0 = Debug|Any CPU
		{2AEB07F8-56E0-434C-A748-C4261DBF5D2F}.Release|Any CPU.ActiveCfg = Release|Any CPU
		{2AEB07F8-56E0-434C-A748-C4261DBF5D2F}.Release|Any CPU.Build.0 = Release|Any CPU
		{AECE5DF3-C379-46CA-BB7D-7BDBE59011FD}.Debug|Any CPU.ActiveCfg = Debug|Any CPU
		{AECE5DF3-C379-46CA-BB7D-7BDBE59011FD}.Debug|Any CPU.Build.0 = Debug|Any CPU
		{AECE5DF3-C379-46CA-BB7D-7BDBE59011FD}.Release|Any CPU.ActiveCfg = Release|Any CPU
	EndGlobalSection
	GlobalSection(SolutionProperties) = preSolution
		HideSolutionNode = FALSE
	EndGlobalSection
EndGlobal
